
Microsoft Visual Studio Solution File, Format Version 12.00
# Visual Studio 15
VisualStudioVersion = 15.0.27703.2042
MinimumVisualStudioVersion = 10.0.40219.1
Project("{888888A0-9F3D-457C-B088-3A5042F75D52}") = "PythonTests", "PythonTests\PythonTests.pyproj", "{DA36204D-5886-4C3B-9321-EB578BF3D098}"
EndProject
Global
	GlobalSection(SolutionConfigurationPlatforms) = preSolution
		Debug|Any CPU = Debug|Any CPU
		Release|Any CPU = Release|Any CPU
	EndGlobalSection
	GlobalSection(ProjectConfigurationPlatforms) = postSolution
		{DA36204D-5886-4C3B-9321-EB578BF3D098}.Debug|Any CPU.ActiveCfg = Debug|Any CPU
		{DA36204D-5886-4C3B-9321-EB578BF3D098}.Release|Any CPU.ActiveCfg = Release|Any CPU
	EndGlobalSection
	GlobalSection(SolutionProperties) = preSolution
		HideSolutionNode = FALSE
	EndGlobalSection
	GlobalSection(ExtensibilityGlobals) = postSolution
		SolutionGuid = {AEDD989C-18DD-4E1B-9D6C-4D89C9465E20}
	EndGlobalSection
EndGlobal
